
Microsoft Visual Studio Solution File, Format Version 12.00
# Visual Studio Version 17
VisualStudioVersion = 17.10.35013.160
MinimumVisualStudioVersion = 10.0.40219.1
Project("{8BC9CEB8-8B4A-11D0-8D11-00A0C91BC942}") = "project p1", "project p1\project p1.vcxproj", "{C8EFE94A-5E44-4AA5-9A59-FC6E88D70B41}"
EndProject
Global
	GlobalSection(SolutionConfigurationPlatforms) = preSolution
		Debug|x64 = Debug|x64
		Debug|x86 = Debug|x86
		Release|x64 = Release|x64
		Release|x86 = Release|x86
	EndGlobalSection
	GlobalSection(ProjectConfigurationPlatforms) = postSolution
		{C8EFE94A-5E44-4AA5-9A59-FC6E88D70B41}.Debug|x64.ActiveCfg = Debug|x64
		{C8EFE94A-5E44-4AA5-9A59-FC6E88D70B41}.Debug|x64.Build.0 = Debug|x64
		{C8EFE94A-5E44-4AA5-9A59-FC6E88D70B41}.Debug|x86.ActiveCfg = Debug|Win32
		{C8EFE94A-5E44-4AA5-9A59-FC6E88D70B41}.Debug|x86.Build.0 = Debug|Win32
		{C8EFE94A-5E44-4AA5-9A59-FC6E88D70B41}.Release|x64.ActiveCfg = Release|x64
		{C8EFE94A-5E44-4AA5-9A59-FC6E88D70B41}.Release|x64.Build.0 = Release|x64
		{C8EFE94A-5E44-4AA5-9A59-FC6E88D70B41}.Release|x86.ActiveCfg = Release|Win32
		{C8EFE94A-5E44-4AA5-9A59-FC6E88D70B41}.Release|x86.Build.0 = Release|Win32
	EndGlobalSection
	GlobalSection(SolutionProperties) = preSolution
		HideSolutionNode = FALSE
	EndGlobalSection
	GlobalSection(ExtensibilityGlobals) = postSolution
		SolutionGuid = {C220A576-3027-43FC-B13B-8E832205BEBF}
	EndGlobalSection
EndGlobal
